
Microsoft Visual Studio Solution File, Format Version 12.00
# Visual Studio Version 17
VisualStudioVersion = 17.12.35527.113
MinimumVisualStudioVersion = 10.0.40219.1
Project("{FAE04EC0-301F-11D3-BF4B-00C04F79EFBC}") = "backend", "backend\backend.csproj", "{F5BB1C7D-118E-4CFD-ABA0-E6E6AF64810A}"
EndProject
Project("{FAE04EC0-301F-11D3-BF4B-00C04F79EFBC}") = "SupportWay.Data", "SupportWay.Data\SupportWay.Data.csproj", "{829D04A3-49C0-42F6-9D92-3221D5241185}"
EndProject
Project("{FAE04EC0-301F-11D3-BF4B-00C04F79EFBC}") = "SupportWay.API", "SupportWay.API\SupportWay.API.csproj", "{B4E46BC6-9701-4F77-A911-AA26A94F7312}"
EndProject
Project("{FAE04EC0-301F-11D3-BF4B-00C04F79EFBC}") = "SupportWay.Tests", "SupportWay.Tests\SupportWay.Tests.csproj", "{CE37B32C-E234-4112-B922-4247054446C6}"
EndProject
Global
	GlobalSection(SolutionConfigurationPlatforms) = preSolution
		Debug|Any CPU = Debug|Any CPU
		Debug|x64 = Debug|x64
		Debug|x86 = Debug|x86
		Release|Any CPU = Release|Any CPU
		Release|x64 = Release|x64
		Release|x86 = Release|x86
	EndGlobalSection
	GlobalSection(ProjectConfigurationPlatforms) = postSolution
		{F5BB1C7D-118E-4CFD-ABA0-E6E6AF64810A}.Debug|Any CPU.ActiveCfg = Debug|Any CPU
		{F5BB1C7D-118E-4CFD-ABA0-E6E6AF64810A}.Debug|Any CPU.Build.0 = Debug|Any CPU
		{F5BB1C7D-118E-4CFD-ABA0-E6E6AF64810A}.Debug|x64.ActiveCfg = Debug|Any CPU
		{F5BB1C7D-118E-4CFD-ABA0-E6E6AF64810A}.Debug|x64.Build.0 = Debug|Any CPU
		{F5BB1C7D-118E-4CFD-ABA0-E6E6AF64810A}.Debug|x86.ActiveCfg = Debug|Any CPU
		{F5BB1C7D-118E-4CFD-ABA0-E6E6AF64810A}.Debug|x86.Build.0 = Debug|Any CPU
		{F5BB1C7D-118E-4CFD-ABA0-E6E6AF64810A}.Release|Any CPU.ActiveCfg = Release|Any CPU
		{F5BB1C7D-118E-4CFD-ABA0-E6E6AF64810A}.Release|Any CPU.Build.0 = Release|Any CPU
		{F5BB1C7D-118E-4CFD-ABA0-E6E6AF64810A}.Release|x64.ActiveCfg = Release|Any CPU
		{F5BB1C7D-118E-4CFD-ABA0-E6E6AF64810A}.Release|x64.Build.0 = Release|Any CPU
		{F5BB1C7D-118E-4CFD-ABA0-E6E6AF64810A}.Release|x86.ActiveCfg = Release|Any CPU
		{F5BB1C7D-118E-4CFD-ABA0-E6E6AF64810A}.Release|x86.Build.0 = Release|Any CPU
		{829D04A3-49C0-42F6-9D92-3221D5241185}.Debug|Any CPU.ActiveCfg = Debug|Any CPU
		{829D04A3-49C0-42F6-9D92-3221D5241185}.Debug|Any CPU.Build.0 = Debug|Any CPU
		{829D04A3-49C0-42F6-9D92-3221D5241185}.Debug|x64.ActiveCfg = Debug|Any CPU
		{829D04A3-49C0-42F6-9D92-3221D5241185}.Debug|x64.Build.0 = Debug|Any CPU
		{829D04A3-49C0-42F6-9D92-3221D5241185}.Debug|x86.ActiveCfg = Debug|Any CPU
		{829D04A3-49C0-42F6-9D92-3221D5241185}.Debug|x86.Build.0 = Debug|Any CPU
		{829D04A3-49C0-42F6-9D92-3221D5241185}.Release|Any CPU.ActiveCfg = Release|Any CPU
		{829D04A3-49C0-42F6-9D92-3221D5241185}.Release|Any CPU.Build.0 = Release|Any CPU
		{829D04A3-49C0-42F6-9D92-3221D5241185}.Release|x64.ActiveCfg = Release|Any CPU
		{829D04A3-49C0-42F6-9D92-3221D5241185}.Release|x64.Build.0 = Release|Any CPU
		{829D04A3-49C0-42F6-9D92-3221D5241185}.Release|x86.ActiveCfg = Release|Any CPU
		{829D04A3-49C0-42F6-9D92-3221D5241185}.Release|x86.Build.0 = Release|Any CPU
		{B4E46BC6-9701-4F77-A911-AA26A94F7312}.Debug|Any CPU.ActiveCfg = Debug|Any CPU
		{B4E46BC6-9701-4F77-A911-AA26A94F7312}.Debug|Any CPU.Build.0 = Debug|Any CPU
		{B4E46BC6-9701-4F77-A911-AA26A94F7312}.Debug|x64.ActiveCfg = Debug|Any CPU
		{B4E46BC6-9701-4F77-A911-AA26A94F7312}.Debug|x64.Build.0 = Debug|Any CPU
		{B4E46BC6-9701-4F77-A911-AA26A94F7312}.Debug|x86.ActiveCfg = Debug|Any CPU
		{B4E46BC6-9701-4F77-A911-AA26A94F7312}.Debug|x86.Build.0 = Debug|Any CPU
		{B4E46BC6-9701-4F77-A911-AA26A94F7312}.Release|Any CPU.ActiveCfg = Release|Any CPU
		{B4E46BC6-9701-4F77-A911-AA26A94F7312}.Release|Any CPU.Build.0 = Release|Any CPU
		{B4E46BC6-9701-4F77-A911-AA26A94F7312}.Release|x64.ActiveCfg = Release|Any CPU
		{B4E46BC6-9701-4F77-A911-AA26A94F7312}.Release|x64.Build.0 = Release|Any CPU
		{B4E46BC6-9701-4F77-A911-AA26A94F7312}.Release|x86.ActiveCfg = Release|Any CPU
		{B4E46BC6-9701-4F77-A911-AA26A94F7312}.Release|x86.Build.0 = Release|Any CPU
		{CE37B32C-E234-4112-B922-4247054446C6}.Debug|Any CPU.ActiveCfg = Debug|Any CPU
		{CE37B32C-E234-4112-B922-4247054446C6}.Debug|Any CPU.Build.0 = Debug|Any CPU
		{CE37B32C-E234-4112-B922-4247054446C6}.Debug|x64.ActiveCfg = Debug|Any CPU
		{CE37B32C-E234-4112-B922-4247054446C6}.Debug|x64.Build.0 = Debug|Any CPU
		{CE37B32C-E234-4112-B922-4247054446C6}.Debug|x86.ActiveCfg = Debug|Any CPU
		{CE37B32C-E234-4112-B922-4247054446C6}.Debug|x86.Build.0 = Debug|Any CPU
		{CE37B32C-E234-4112-B922-4247054446C6}.Release|Any CPU.ActiveCfg = Release|Any CPU
		{CE37B32C-E234-4112-B922-4247054446C6}.Release|Any CPU.Build.0 = Release|Any CPU
		{CE37B32C-E234-4112-B922-4247054446C6}.Release|x64.ActiveCfg = Release|Any CPU
		{CE37B32C-E234-4112-B922-4247054446C6}.Release|x64.Build.0 = Release|Any CPU
		{CE37B32C-E234-4112-B922-4247054446C6}.Release|x86.ActiveCfg = Release|Any CPU
		{CE37B32C-E234-4112-B922-4247054446C6}.Release|x86.Build.0 = Release|Any CPU
	EndGlobalSection
	GlobalSection(SolutionProperties) = preSolution
		HideSolutionNode = FALSE
	EndGlobalSection
EndGlobal
